
Microsoft Visual Studio Solution File, Format Version 12.00
# Visual Studio Version 17
VisualStudioVersion = 17.14.36221.1 d17.14
MinimumVisualStudioVersion = 10.0.40219.1
Project("{FAE04EC0-301F-11D3-BF4B-00C04F79EFBC}") = "Scheduler", "Scheduler\Scheduler.csproj", "{1BD340F8-911F-4C3C-80D6-7FD7BE1BE900}"
EndProject
Global
	GlobalSection(SolutionConfigurationPlatforms) = preSolution
		Debug|Any CPU = Debug|Any CPU
		Release|Any CPU = Release|Any CPU
	EndGlobalSection
	GlobalSection(ProjectConfigurationPlatforms) = postSolution
		{1BD340F8-911F-4C3C-80D6-7FD7BE1BE900}.Debug|Any CPU.ActiveCfg = Debug|Any CPU
		{1BD340F8-911F-4C3C-80D6-7FD7BE1BE900}.Debug|Any CPU.Build.0 = Debug|Any CPU
		{1BD340F8-911F-4C3C-80D6-7FD7BE1BE900}.Release|Any CPU.ActiveCfg = Release|Any CPU
		{1BD340F8-911F-4C3C-80D6-7FD7BE1BE900}.Release|Any CPU.Build.0 = Release|Any CPU
	EndGlobalSection
	GlobalSection(SolutionProperties) = preSolution
		HideSolutionNode = FALSE
	EndGlobalSection
	GlobalSection(ExtensibilityGlobals) = postSolution
		SolutionGuid = {30F5C7AE-8732-49A3-A391-8665F769D1E1}
	EndGlobalSection
EndGlobal
